// !$*UTF8*$!
{
	archiveVersion = 1;
	classes = {
	};
	objectVersion = 55;
	objects = {

/* Begin PBXBuildFile section */
		8D3AE13628E3D41100E5643E /* GamesView.swift in Sources */ = {isa = PBXBuildFile; fileRef = 8D3AE13528E3D41100E5643E /* GamesView.swift */; };
		8D3AE13B28E3D69200E5643E /* Model.swift in Sources */ = {isa = PBXBuildFile; fileRef = 8D3AE13A28E3D69200E5643E /* Model.swift */; };
		8D3AE13D28E3D6B300E5643E /* ViewModel.swift in Sources */ = {isa = PBXBuildFile; fileRef = 8D3AE13C28E3D6B200E5643E /* ViewModel.swift */; };
		8D3C66D7290B664F00ACF943 /* OffsetPosition.swift in Sources */ = {isa = PBXBuildFile; fileRef = 8D3C66D6290B664F00ACF943 /* OffsetPosition.swift */; };
		8D65CADF28F7942100622C4F /* SearchGame.swift in Sources */ = {isa = PBXBuildFile; fileRef = 8D65CADE28F7942100622C4F /* SearchGame.swift */; };
		8D89FCC628FF24B300DF1DD4 /* SaveData.swift in Sources */ = {isa = PBXBuildFile; fileRef = 8D89FCC528FF24B300DF1DD4 /* SaveData.swift */; };
		8D89FCC828FF30C500DF1DD4 /* SUImagePickerView.swift in Sources */ = {isa = PBXBuildFile; fileRef = 8D89FCC728FF30C500DF1DD4 /* SUImagePickerView.swift */; };
		8D8CF1F128FA395E00DA3E28 /* ProfileView.swift in Sources */ = {isa = PBXBuildFile; fileRef = 8D8CF1F028FA395E00DA3E28 /* ProfileView.swift */; };
		8D8CF1F328FA451400DA3E28 /* EditProfileView.swift in Sources */ = {isa = PBXBuildFile; fileRef = 8D8CF1F228FA451400DA3E28 /* EditProfileView.swift */; };
		8D9C704E28EE4AF400374B70 /* Kingfisher in Frameworks */ = {isa = PBXBuildFile; productRef = 8D9C704D28EE4AF400374B70 /* Kingfisher */; };
		8D9C705028EE56FD00374B70 /* GameView.swift in Sources */ = {isa = PBXBuildFile; fileRef = 8D9C704F28EE56FD00374B70 /* GameView.swift */; };
		8DB17EF128E26B81006A4F50 /* Home.swift in Sources */ = {isa = PBXBuildFile; fileRef = 8DB17EF028E26B81006A4F50 /* Home.swift */; };
		8DF24B842902266B0059A57F /* SistemaPuntos.swift in Sources */ = {isa = PBXBuildFile; fileRef = 8DF24B832902266B0059A57F /* SistemaPuntos.swift */; };
		8DF8A82F28DCF1E400E50EB4 /* GameStreamApp.swift in Sources */ = {isa = PBXBuildFile; fileRef = 8DF8A82E28DCF1E400E50EB4 /* GameStreamApp.swift */; };
		8DF8A83128DCF1E400E50EB4 /* ContentView.swift in Sources */ = {isa = PBXBuildFile; fileRef = 8DF8A83028DCF1E400E50EB4 /* ContentView.swift */; };
		8DF8A83328DCF1E700E50EB4 /* Assets.xcassets in Resources */ = {isa = PBXBuildFile; fileRef = 8DF8A83228DCF1E700E50EB4 /* Assets.xcassets */; };
		8DF8A83628DCF1E700E50EB4 /* Preview Assets.xcassets in Resources */ = {isa = PBXBuildFile; fileRef = 8DF8A83528DCF1E700E50EB4 /* Preview Assets.xcassets */; };
		8DFD853928F8918800020374 /* FavoritesView.swift in Sources */ = {isa = PBXBuildFile; fileRef = 8DFD853828F8918800020374 /* FavoritesView.swift */; };
/* End PBXBuildFile section */

/* Begin PBXFileReference section */
		8D3AE13528E3D41100E5643E /* GamesView.swift */ = {isa = PBXFileReference; lastKnownFileType = sourcecode.swift; path = GamesView.swift; sourceTree = "<group>"; };
		8D3AE13A28E3D69200E5643E /* Model.swift */ = {isa = PBXFileReference; lastKnownFileType = sourcecode.swift; path = Model.swift; sourceTree = "<group>"; };
		8D3AE13C28E3D6B200E5643E /* ViewModel.swift */ = {isa = PBXFileReference; lastKnownFileType = sourcecode.swift; path = ViewModel.swift; sourceTree = "<group>"; };
		8D3C66D6290B664F00ACF943 /* OffsetPosition.swift */ = {isa = PBXFileReference; lastKnownFileType = sourcecode.swift; path = OffsetPosition.swift; sourceTree = "<group>"; };
		8D65CADE28F7942100622C4F /* SearchGame.swift */ = {isa = PBXFileReference; lastKnownFileType = sourcecode.swift; path = SearchGame.swift; sourceTree = "<group>"; };
		8D89FCC528FF24B300DF1DD4 /* SaveData.swift */ = {isa = PBXFileReference; lastKnownFileType = sourcecode.swift; path = SaveData.swift; sourceTree = "<group>"; };
		8D89FCC728FF30C500DF1DD4 /* SUImagePickerView.swift */ = {isa = PBXFileReference; fileEncoding = 4; lastKnownFileType = sourcecode.swift; path = SUImagePickerView.swift; sourceTree = "<group>"; };
		8D8CF1F028FA395E00DA3E28 /* ProfileView.swift */ = {isa = PBXFileReference; lastKnownFileType = sourcecode.swift; path = ProfileView.swift; sourceTree = "<group>"; };
		8D8CF1F228FA451400DA3E28 /* EditProfileView.swift */ = {isa = PBXFileReference; lastKnownFileType = sourcecode.swift; path = EditProfileView.swift; sourceTree = "<group>"; };
		8D9C704F28EE56FD00374B70 /* GameView.swift */ = {isa = PBXFileReference; lastKnownFileType = sourcecode.swift; path = GameView.swift; sourceTree = "<group>"; };
		8DB17EF028E26B81006A4F50 /* Home.swift */ = {isa = PBXFileReference; lastKnownFileType = sourcecode.swift; path = Home.swift; sourceTree = "<group>"; };
		8DF24B832902266B0059A57F /* SistemaPuntos.swift */ = {isa = PBXFileReference; lastKnownFileType = sourcecode.swift; path = SistemaPuntos.swift; sourceTree = "<group>"; };
		8DF8A82B28DCF1E400E50EB4 /* GameStream.app */ = {isa = PBXFileReference; explicitFileType = wrapper.application; includeInIndex = 0; path = GameStream.app; sourceTree = BUILT_PRODUCTS_DIR; };
		8DF8A82E28DCF1E400E50EB4 /* GameStreamApp.swift */ = {isa = PBXFileReference; lastKnownFileType = sourcecode.swift; path = GameStreamApp.swift; sourceTree = "<group>"; };
		8DF8A83028DCF1E400E50EB4 /* ContentView.swift */ = {isa = PBXFileReference; lastKnownFileType = sourcecode.swift; path = ContentView.swift; sourceTree = "<group>"; };
		8DF8A83228DCF1E700E50EB4 /* Assets.xcassets */ = {isa = PBXFileReference; lastKnownFileType = folder.assetcatalog; path = Assets.xcassets; sourceTree = "<group>"; };
		8DF8A83528DCF1E700E50EB4 /* Preview Assets.xcassets */ = {isa = PBXFileReference; lastKnownFileType = folder.assetcatalog; path = "Preview Assets.xcassets"; sourceTree = "<group>"; };
		8DFD853828F8918800020374 /* FavoritesView.swift */ = {isa = PBXFileReference; lastKnownFileType = sourcecode.swift; path = FavoritesView.swift; sourceTree = "<group>"; };
/* End PBXFileReference section */

/* Begin PBXFrameworksBuildPhase section */
		8DF8A82828DCF1E400E50EB4 /* Frameworks */ = {
			isa = PBXFrameworksBuildPhase;
			buildActionMask = 2147483647;
			files = (
				8D9C704E28EE4AF400374B70 /* Kingfisher in Frameworks */,
			);
			runOnlyForDeploymentPostprocessing = 0;
		};
/* End PBXFrameworksBuildPhase section */

/* Begin PBXGroup section */
		8D3AE13728E3D61600E5643E /* Vistas */ = {
			isa = PBXGroup;
			children = (
				8D3AE13528E3D41100E5643E /* GamesView.swift */,
				8DB17EF028E26B81006A4F50 /* Home.swift */,
				8DF8A83028DCF1E400E50EB4 /* ContentView.swift */,
				8D9C704F28EE56FD00374B70 /* GameView.swift */,
				8DFD853828F8918800020374 /* FavoritesView.swift */,
				8D8CF1F028FA395E00DA3E28 /* ProfileView.swift */,
				8D8CF1F228FA451400DA3E28 /* EditProfileView.swift */,
				8DF24B832902266B0059A57F /* SistemaPuntos.swift */,
				8D3C66D6290B664F00ACF943 /* OffsetPosition.swift */,
			);
			path = Vistas;
			sourceTree = "<group>";
		};
		8D3AE13828E3D65500E5643E /* Modelos */ = {
			isa = PBXGroup;
			children = (
				8D3AE13A28E3D69200E5643E /* Model.swift */,
			);
			path = Modelos;
			sourceTree = "<group>";
		};
		8D3AE13928E3D66300E5643E /* VistasModelos */ = {
			isa = PBXGroup;
			children = (
				8D3AE13C28E3D6B200E5643E /* ViewModel.swift */,
				8D65CADE28F7942100622C4F /* SearchGame.swift */,
				8D89FCC528FF24B300DF1DD4 /* SaveData.swift */,
				8D89FCC728FF30C500DF1DD4 /* SUImagePickerView.swift */,
			);
			path = VistasModelos;
			sourceTree = "<group>";
		};
		8DF8A82228DCF1E400E50EB4 = {
			isa = PBXGroup;
			children = (
				8DF8A82D28DCF1E400E50EB4 /* GameStream */,
				8DF8A82C28DCF1E400E50EB4 /* Products */,
			);
			sourceTree = "<group>";
		};
		8DF8A82C28DCF1E400E50EB4 /* Products */ = {
			isa = PBXGroup;
			children = (
				8DF8A82B28DCF1E400E50EB4 /* GameStream.app */,
			);
			name = Products;
			sourceTree = "<group>";
		};
		8DF8A82D28DCF1E400E50EB4 /* GameStream */ = {
			isa = PBXGroup;
			children = (
				8D3AE13928E3D66300E5643E /* VistasModelos */,
				8D3AE13828E3D65500E5643E /* Modelos */,
				8D3AE13728E3D61600E5643E /* Vistas */,
				8DF8A82E28DCF1E400E50EB4 /* GameStreamApp.swift */,
				8DF8A83228DCF1E700E50EB4 /* Assets.xcassets */,
				8DF8A83428DCF1E700E50EB4 /* Preview Content */,
			);
			path = GameStream;
			sourceTree = "<group>";
		};
		8DF8A83428DCF1E700E50EB4 /* Preview Content */ = {
			isa = PBXGroup;
			children = (
				8DF8A83528DCF1E700E50EB4 /* Preview Assets.xcassets */,
			);
			path = "Preview Content";
			sourceTree = "<group>";
		};
/* End PBXGroup section */

/* Begin PBXNativeTarget section */
		8DF8A82A28DCF1E400E50EB4 /* GameStream */ = {
			isa = PBXNativeTarget;
			buildConfigurationList = 8DF8A83928DCF1E700E50EB4 /* Build configuration list for PBXNativeTarget "GameStream" */;
			buildPhases = (
				8DF8A82728DCF1E400E50EB4 /* Sources */,
				8DF8A82828DCF1E400E50EB4 /* Frameworks */,
				8DF8A82928DCF1E400E50EB4 /* Resources */,
			);
			buildRules = (
			);
			dependencies = (
			);
			name = GameStream;
			packageProductDependencies = (
				8D9C704D28EE4AF400374B70 /* Kingfisher */,
			);
			productName = GameStream;
			productReference = 8DF8A82B28DCF1E400E50EB4 /* GameStream.app */;
			productType = "com.apple.product-type.application";
		};
/* End PBXNativeTarget section */

/* Begin PBXProject section */
		8DF8A82328DCF1E400E50EB4 /* Project object */ = {
			isa = PBXProject;
			attributes = {
				BuildIndependentTargetsInParallel = 1;
				LastSwiftUpdateCheck = 1340;
				LastUpgradeCheck = 1340;
				TargetAttributes = {
					8DF8A82A28DCF1E400E50EB4 = {
						CreatedOnToolsVersion = 13.4.1;
					};
				};
			};
			buildConfigurationList = 8DF8A82628DCF1E400E50EB4 /* Build configuration list for PBXProject "GameStream" */;
			compatibilityVersion = "Xcode 13.0";
			developmentRegion = en;
			hasScannedForEncodings = 0;
			knownRegions = (
				en,
				Base,
			);
			mainGroup = 8DF8A82228DCF1E400E50EB4;
			packageReferences = (
				8D9C704C28EE4AF400374B70 /* XCRemoteSwiftPackageReference "Kingfisher" */,
			);
			productRefGroup = 8DF8A82C28DCF1E400E50EB4 /* Products */;
			projectDirPath = "";
			projectRoot = "";
			targets = (
				8DF8A82A28DCF1E400E50EB4 /* GameStream */,
			);
		};
/* End PBXProject section */

/* Begin PBXResourcesBuildPhase section */
		8DF8A82928DCF1E400E50EB4 /* Resources */ = {
			isa = PBXResourcesBuildPhase;
			buildActionMask = 2147483647;
			files = (
				8DF8A83628DCF1E700E50EB4 /* Preview Assets.xcassets in Resources */,
				8DF8A83328DCF1E700E50EB4 /* Assets.xcassets in Resources */,
			);
			runOnlyForDeploymentPostprocessing = 0;
		};
/* End PBXResourcesBuildPhase section */

/* Begin PBXSourcesBuildPhase section */
		8DF8A82728DCF1E400E50EB4 /* Sources */ = {
			isa = PBXSourcesBuildPhase;
			buildActionMask = 2147483647;
			files = (
				8D3AE13B28E3D69200E5643E /* Model.swift in Sources */,
				8DF8A83128DCF1E400E50EB4 /* ContentView.swift in Sources */,
				8D89FCC628FF24B300DF1DD4 /* SaveData.swift in Sources */,
				8D8CF1F128FA395E00DA3E28 /* ProfileView.swift in Sources */,
				8D8CF1F328FA451400DA3E28 /* EditProfileView.swift in Sources */,
				8D89FCC828FF30C500DF1DD4 /* SUImagePickerView.swift in Sources */,
				8DB17EF128E26B81006A4F50 /* Home.swift in Sources */,
				8D65CADF28F7942100622C4F /* SearchGame.swift in Sources */,
				8D3AE13628E3D41100E5643E /* GamesView.swift in Sources */,
				8D3AE13D28E3D6B300E5643E /* ViewModel.swift in Sources */,
				8D3C66D7290B664F00ACF943 /* OffsetPosition.swift in Sources */,
				8DF8A82F28DCF1E400E50EB4 /* GameStreamApp.swift in Sources */,
				8DF24B842902266B0059A57F /* SistemaPuntos.swift in Sources */,
				8D9C705028EE56FD00374B70 /* GameView.swift in Sources */,
				8DFD853928F8918800020374 /* FavoritesView.swift in Sources */,
			);
			runOnlyForDeploymentPostprocessing = 0;
		};
/* End PBXSourcesBuildPhase section */

/* Begin XCBuildConfiguration section */
		8DF8A83728DCF1E700E50EB4 /* Debug */ = {
			isa = XCBuildConfiguration;
			buildSettings = {
				ALWAYS_SEARCH_USER_PATHS = NO;
				CLANG_ANALYZER_NONNULL = YES;
				CLANG_ANALYZER_NUMBER_OBJECT_CONVERSION = YES_AGGRESSIVE;
				CLANG_CXX_LANGUAGE_STANDARD = "gnu++17";
				CLANG_ENABLE_MODULES = YES;
				CLANG_ENABLE_OBJC_ARC = YES;
				CLANG_ENABLE_OBJC_WEAK = YES;
				CLANG_WARN_BLOCK_CAPTURE_AUTORELEASING = YES;
				CLANG_WARN_BOOL_CONVERSION = YES;
				CLANG_WARN_COMMA = YES;
				CLANG_WARN_CONSTANT_CONVERSION = YES;
				CLANG_WARN_DEPRECATED_OBJC_IMPLEMENTATIONS = YES;
				CLANG_WARN_DIRECT_OBJC_ISA_USAGE = YES_ERROR;
				CLANG_WARN_DOCUMENTATION_COMMENTS = YES;
				CLANG_WARN_EMPTY_BODY = YES;
				CLANG_WARN_ENUM_CONVERSION = YES;
				CLANG_WARN_INFINITE_RECURSION = YES;
				CLANG_WARN_INT_CONVERSION = YES;
				CLANG_WARN_NON_LITERAL_NULL_CONVERSION = YES;
				CLANG_WARN_OBJC_IMPLICIT_RETAIN_SELF = YES;
				CLANG_WARN_OBJC_LITERAL_CONVERSION = YES;
				CLANG_WARN_OBJC_ROOT_CLASS = YES_ERROR;
				CLANG_WARN_QUOTED_INCLUDE_IN_FRAMEWORK_HEADER = YES;
				CLANG_WARN_RANGE_LOOP_ANALYSIS = YES;
				CLANG_WARN_STRICT_PROTOTYPES = YES;
				CLANG_WARN_SUSPICIOUS_MOVE = YES;
				CLANG_WARN_UNGUARDED_AVAILABILITY = YES_AGGRESSIVE;
				CLANG_WARN_UNREACHABLE_CODE = YES;
				CLANG_WARN__DUPLICATE_METHOD_MATCH = YES;
				COPY_PHASE_STRIP = NO;
				DEBUG_INFORMATION_FORMAT = dwarf;
				ENABLE_STRICT_OBJC_MSGSEND = YES;
				ENABLE_TESTABILITY = YES;
				GCC_C_LANGUAGE_STANDARD = gnu11;
				GCC_DYNAMIC_NO_PIC = NO;
				GCC_NO_COMMON_BLOCKS = YES;
				GCC_OPTIMIZATION_LEVEL = 0;
				GCC_PREPROCESSOR_DEFINITIONS = (
					"DEBUG=1",
					"$(inherited)",
				);
				GCC_WARN_64_TO_32_BIT_CONVERSION = YES;
				GCC_WARN_ABOUT_RETURN_TYPE = YES_ERROR;
				GCC_WARN_UNDECLARED_SELECTOR = YES;
				GCC_WARN_UNINITIALIZED_AUTOS = YES_AGGRESSIVE;
				GCC_WARN_UNUSED_FUNCTION = YES;
				GCC_WARN_UNUSED_VARIABLE = YES;
				IPHONEOS_DEPLOYMENT_TARGET = 15.5;
				MTL_ENABLE_DEBUG_INFO = INCLUDE_SOURCE;
				MTL_FAST_MATH = YES;
				ONLY_ACTIVE_ARCH = YES;
				SDKROOT = iphoneos;
				SWIFT_ACTIVE_COMPILATION_CONDITIONS = DEBUG;
				SWIFT_OPTIMIZATION_LEVEL = "-Onone";
			};
			name = Debug;
		};
		8DF8A83828DCF1E700E50EB4 /* Release */ = {
			isa = XCBuildConfiguration;
			buildSettings = {
				ALWAYS_SEARCH_USER_PATHS = NO;
				CLANG_ANALYZER_NONNULL = YES;
				CLANG_ANALYZER_NUMBER_OBJECT_CONVERSION = YES_AGGRESSIVE;
				CLANG_CXX_LANGUAGE_STANDARD = "gnu++17";
				CLANG_ENABLE_MODULES = YES;
				CLANG_ENABLE_OBJC_ARC = YES;
				CLANG_ENABLE_OBJC_WEAK = YES;
				CLANG_WARN_BLOCK_CAPTURE_AUTORELEASING = YES;
				CLANG_WARN_BOOL_CONVERSION = YES;
				CLANG_WARN_COMMA = YES;
				CLANG_WARN_CONSTANT_CONVERSION = YES;
				CLANG_WARN_DEPRECATED_OBJC_IMPLEMENTATIONS = YES;
				CLANG_WARN_DIRECT_OBJC_ISA_USAGE = YES_ERROR;
				CLANG_WARN_DOCUMENTATION_COMMENTS = YES;
				CLANG_WARN_EMPTY_BODY = YES;
				CLANG_WARN_ENUM_CONVERSION = YES;
				CLANG_WARN_INFINITE_RECURSION = YES;
				CLANG_WARN_INT_CONVERSION = YES;
				CLANG_WARN_NON_LITERAL_NULL_CONVERSION = YES;
				CLANG_WARN_OBJC_IMPLICIT_RETAIN_SELF = YES;
				CLANG_WARN_OBJC_LITERAL_CONVERSION = YES;
				CLANG_WARN_OBJC_ROOT_CLASS = YES_ERROR;
				CLANG_WARN_QUOTED_INCLUDE_IN_FRAMEWORK_HEADER = YES;
				CLANG_WARN_RANGE_LOOP_ANALYSIS = YES;
				CLANG_WARN_STRICT_PROTOTYPES = YES;
				CLANG_WARN_SUSPICIOUS_MOVE = YES;
				CLANG_WARN_UNGUARDED_AVAILABILITY = YES_AGGRESSIVE;
				CLANG_WARN_UNREACHABLE_CODE = YES;
				CLANG_WARN__DUPLICATE_METHOD_MATCH = YES;
				COPY_PHASE_STRIP = NO;
				DEBUG_INFORMATION_FORMAT = "dwarf-with-dsym";
				ENABLE_NS_ASSERTIONS = NO;
				ENABLE_STRICT_OBJC_MSGSEND = YES;
				GCC_C_LANGUAGE_STANDARD = gnu11;
				GCC_NO_COMMON_BLOCKS = YES;
				GCC_WARN_64_TO_32_BIT_CONVERSION = YES;
				GCC_WARN_ABOUT_RETURN_TYPE = YES_ERROR;
				GCC_WARN_UNDECLARED_SELECTOR = YES;
				GCC_WARN_UNINITIALIZED_AUTOS = YES_AGGRESSIVE;
				GCC_WARN_UNUSED_FUNCTION = YES;
				GCC_WARN_UNUSED_VARIABLE = YES;
				IPHONEOS_DEPLOYMENT_TARGET = 15.5;
				MTL_ENABLE_DEBUG_INFO = NO;
				MTL_FAST_MATH = YES;
				SDKROOT = iphoneos;
				SWIFT_COMPILATION_MODE = wholemodule;
				SWIFT_OPTIMIZATION_LEVEL = "-O";
				VALIDATE_PRODUCT = YES;
			};
			name = Release;
		};
		8DF8A83A28DCF1E700E50EB4 /* Debug */ = {
			isa = XCBuildConfiguration;
			buildSettings = {
				ASSETCATALOG_COMPILER_APPICON_NAME = AppIcon;
				ASSETCATALOG_COMPILER_GLOBAL_ACCENT_COLOR_NAME = AccentColor;
				CODE_SIGN_STYLE = Automatic;
				CURRENT_PROJECT_VERSION = 1;
				DEVELOPMENT_ASSET_PATHS = "\"GameStream/Preview Content\"";
				DEVELOPMENT_TEAM = 43H587C2ZA;
				ENABLE_PREVIEWS = YES;
				GENERATE_INFOPLIST_FILE = YES;
				INFOPLIST_KEY_UIApplicationSceneManifest_Generation = YES;
				INFOPLIST_KEY_UIApplicationSupportsIndirectInputEvents = YES;
				INFOPLIST_KEY_UILaunchScreen_Generation = YES;
				INFOPLIST_KEY_UISupportedInterfaceOrientations_iPad = "UIInterfaceOrientationPortrait UIInterfaceOrientationPortraitUpsideDown UIInterfaceOrientationLandscapeLeft UIInterfaceOrientationLandscapeRight";
				INFOPLIST_KEY_UISupportedInterfaceOrientations_iPhone = "UIInterfaceOrientationPortrait UIInterfaceOrientationLandscapeLeft UIInterfaceOrientationLandscapeRight";
				LD_RUNPATH_SEARCH_PATHS = (
					"$(inherited)",
					"@executable_path/Frameworks",
				);
				MARKETING_VERSION = 1.0;
				PRODUCT_BUNDLE_IDENTIFIER = com.platzi.GameStream;
				PRODUCT_NAME = "$(TARGET_NAME)";
				SWIFT_EMIT_LOC_STRINGS = YES;
				SWIFT_VERSION = 5.0;
				TARGETED_DEVICE_FAMILY = "1,2";
			};
			name = Debug;
		};
		8DF8A83B28DCF1E700E50EB4 /* Release */ = {
			isa = XCBuildConfiguration;
			buildSettings = {
				ASSETCATALOG_COMPILER_APPICON_NAME = AppIcon;
				ASSETCATALOG_COMPILER_GLOBAL_ACCENT_COLOR_NAME = AccentColor;
				CODE_SIGN_STYLE = Automatic;
				CURRENT_PROJECT_VERSION = 1;
				DEVELOPMENT_ASSET_PATHS = "\"GameStream/Preview Content\"";
				DEVELOPMENT_TEAM = 43H587C2ZA;
				ENABLE_PREVIEWS = YES;
				GENERATE_INFOPLIST_FILE = YES;
				INFOPLIST_KEY_UIApplicationSceneManifest_Generation = YES;
				INFOPLIST_KEY_UIApplicationSupportsIndirectInputEvents = YES;
				INFOPLIST_KEY_UILaunchScreen_Generation = YES;
				INFOPLIST_KEY_UISupportedInterfaceOrientations_iPad = "UIInterfaceOrientationPortrait UIInterfaceOrientationPortraitUpsideDown UIInterfaceOrientationLandscapeLeft UIInterfaceOrientationLandscapeRight";
				INFOPLIST_KEY_UISupportedInterfaceOrientations_iPhone = "UIInterfaceOrientationPortrait UIInterfaceOrientationLandscapeLeft UIInterfaceOrientationLandscapeRight";
				LD_RUNPATH_SEARCH_PATHS = (
					"$(inherited)",
					"@executable_path/Frameworks",
				);
				MARKETING_VERSION = 1.0;
				PRODUCT_BUNDLE_IDENTIFIER = com.platzi.GameStream;
				PRODUCT_NAME = "$(TARGET_NAME)";
				SWIFT_EMIT_LOC_STRINGS = YES;
				SWIFT_VERSION = 5.0;
				TARGETED_DEVICE_FAMILY = "1,2";
			};
			name = Release;
		};
/* End XCBuildConfiguration section */

/* Begin XCConfigurationList section */
		8DF8A82628DCF1E400E50EB4 /* Build configuration list for PBXProject "GameStream" */ = {
			isa = XCConfigurationList;
			buildConfigurations = (
				8DF8A83728DCF1E700E50EB4 /* Debug */,
				8DF8A83828DCF1E700E50EB4 /* Release */,
			);
			defaultConfigurationIsVisible = 0;
			defaultConfigurationName = Release;
		};
		8DF8A83928DCF1E700E50EB4 /* Build configuration list for PBXNativeTarget "GameStream" */ = {
			isa = XCConfigurationList;
			buildConfigurations = (
				8DF8A83A28DCF1E700E50EB4 /* Debug */,
				8DF8A83B28DCF1E700E50EB4 /* Release */,
			);
			defaultConfigurationIsVisible = 0;
			defaultConfigurationName = Release;
		};
/* End XCConfigurationList section */

/* Begin XCRemoteSwiftPackageReference section */
		8D9C704C28EE4AF400374B70 /* XCRemoteSwiftPackageReference "Kingfisher" */ = {
			isa = XCRemoteSwiftPackageReference;
			repositoryURL = "https://github.com/onevcat/Kingfisher.git";
			requirement = {
				kind = upToNextMajorVersion;
				minimumVersion = 7.0.0;
			};
		};
/* End XCRemoteSwiftPackageReference section */

/* Begin XCSwiftPackageProductDependency section */
		8D9C704D28EE4AF400374B70 /* Kingfisher */ = {
			isa = XCSwiftPackageProductDependency;
			package = 8D9C704C28EE4AF400374B70 /* XCRemoteSwiftPackageReference "Kingfisher" */;
			productName = Kingfisher;
		};
/* End XCSwiftPackageProductDependency section */
	};
	rootObject = 8DF8A82328DCF1E400E50EB4 /* Project object */;
}
